Microsoft Visual Studio Solution File, Format Version 12.00
# Visual Studio Version 17
VisualStudioVersion = 17.5.2.0
MinimumVisualStudioVersion = 10.0.40219.1
Project("{FAE04EC0-301F-11D3-BF4B-00C04F79EFBC}") = "clipy", "clipy.csproj", "{764C41D9-9E58-A7ED-D12E-54CACB9FB238}"
EndProject
Global
	GlobalSection(SolutionConfigurationPlatforms) = preSolution
		Debug|Any CPU = Debug|Any CPU
		Release|Any CPU = Release|Any CPU
	EndGlobalSection
	GlobalSection(ProjectConfigurationPlatforms) = postSolution
		{764C41D9-9E58-A7ED-D12E-54CACB9FB238}.Debug|Any CPU.ActiveCfg = Debug|Any CPU
		{764C41D9-9E58-A7ED-D12E-54CACB9FB238}.Debug|Any CPU.Build.0 = Debug|Any CPU
		{764C41D9-9E58-A7ED-D12E-54CACB9FB238}.Release|Any CPU.ActiveCfg = Release|Any CPU
		{764C41D9-9E58-A7ED-D12E-54CACB9FB238}.Release|Any CPU.Build.0 = Release|Any CPU
	EndGlobalSection
	GlobalSection(SolutionProperties) = preSolution
		HideSolutionNode = FALSE
	EndGlobalSection
	GlobalSection(ExtensibilityGlobals) = postSolution
		SolutionGuid = {4D86B889-6B08-48F8-9653-5275B666462D}
	EndGlobalSection
EndGlobal
